
Microsoft Visual Studio Solution File, Format Version 12.00
# Visual Studio Version 16
VisualStudioVersion = 16.0.30804.86
MinimumVisualStudioVersion = 10.0.40219.1
Project("{FAE04EC0-301F-11D3-BF4B-00C04F79EFBC}") = "Lesson12", "Lesson12.csproj", "{BB275A87-EC0E-41C7-9547-0C74962A4234}"
EndProject
Global
	GlobalSection(SolutionConfigurationPlatforms) = preSolution
		Debug|Any CPU = Debug|Any CPU
		Release|Any CPU = Release|Any CPU
	EndGlobalSection
	GlobalSection(ProjectConfigurationPlatforms) = postSolution
		{BB275A87-EC0E-41C7-9547-0C74962A4234}.Debug|Any CPU.ActiveCfg = Debug|Any CPU
		{BB275A87-EC0E-41C7-9547-0C74962A4234}.Debug|Any CPU.Build.0 = Debug|Any CPU
		{BB275A87-EC0E-41C7-9547-0C74962A4234}.Release|Any CPU.ActiveCfg = Release|Any CPU
		{BB275A87-EC0E-41C7-9547-0C74962A4234}.Release|Any CPU.Build.0 = Release|Any CPU
	EndGlobalSection
	GlobalSection(SolutionProperties) = preSolution
		HideSolutionNode = FALSE
	EndGlobalSection
	GlobalSection(ExtensibilityGlobals) = postSolution
		SolutionGuid = {8660CF8E-95D4-40DA-89A4-0750F71B2EA8}
	EndGlobalSection
EndGlobal
